// !$*UTF8*$!
{
	archiveVersion = 1;
	classes = {
	};
	objectVersion = 55;
	objects = {

/* Begin PBXBuildFile section */
		AA148CB1272F021F0023411E /* LetMeKnowApp.swift in Sources */ = {isa = PBXBuildFile; fileRef = AA148CB0272F021F0023411E /* LetMeKnowApp.swift */; };
		AA148CB3272F021F0023411E /* ContentView.swift in Sources */ = {isa = PBXBuildFile; fileRef = AA148CB2272F021F0023411E /* ContentView.swift */; };
		AA148CB5272F02200023411E /* Assets.xcassets in Resources */ = {isa = PBXBuildFile; fileRef = AA148CB4272F02200023411E /* Assets.xcassets */; };
		AA148CB8272F02200023411E /* Preview Assets.xcassets in Resources */ = {isa = PBXBuildFile; fileRef = AA148CB7272F02200023411E /* Preview Assets.xcassets */; };
		AA148CC2272F02200023411E /* LetMeKnowTests.swift in Sources */ = {isa = PBXBuildFile; fileRef = AA148CC1272F02200023411E /* LetMeKnowTests.swift */; };
		AA148CCC272F02200023411E /* LetMeKnowUITests.swift in Sources */ = {isa = PBXBuildFile; fileRef = AA148CCB272F02200023411E /* LetMeKnowUITests.swift */; };
		AA148CCE272F02200023411E /* LetMeKnowUITestsLaunchTests.swift in Sources */ = {isa = PBXBuildFile; fileRef = AA148CCD272F02200023411E /* LetMeKnowUITestsLaunchTests.swift */; };
		AA148CDB272F04590023411E /* AlarmTime.swift in Sources */ = {isa = PBXBuildFile; fileRef = AA148CDA272F04590023411E /* AlarmTime.swift */; };
		AA148CDD272F06940023411E /* AlarmTimeView.swift in Sources */ = {isa = PBXBuildFile; fileRef = AA148CDC272F06940023411E /* AlarmTimeView.swift */; };
		AA148CDF2730079B0023411E /* SetUpView.swift in Sources */ = {isa = PBXBuildFile; fileRef = AA148CDE2730079B0023411E /* SetUpView.swift */; };
		AA148CE1273017ED0023411E /* UserSetting.swift in Sources */ = {isa = PBXBuildFile; fileRef = AA148CE0273017ED0023411E /* UserSetting.swift */; };
		AA62A1B12731214B00CC31C1 /* Policy.swift in Sources */ = {isa = PBXBuildFile; fileRef = AA62A1B02731214B00CC31C1 /* Policy.swift */; };
/* End PBXBuildFile section */

/* Begin PBXContainerItemProxy section */
		AA148CBE272F02200023411E /* PBXContainerItemProxy */ = {
			isa = PBXContainerItemProxy;
			containerPortal = AA148CA5272F021F0023411E /* Project object */;
			proxyType = 1;
			remoteGlobalIDString = AA148CAC272F021F0023411E;
			remoteInfo = LetMeKnow;
		};
		AA148CC8272F02200023411E /* PBXContainerItemProxy */ = {
			isa = PBXContainerItemProxy;
			containerPortal = AA148CA5272F021F0023411E /* Project object */;
			proxyType = 1;
			remoteGlobalIDString = AA148CAC272F021F0023411E;
			remoteInfo = LetMeKnow;
		};
/* End PBXContainerItemProxy section */

/* Begin PBXFileReference section */
		AA148CAD272F021F0023411E /* LetMeKnow.app */ = {isa = PBXFileReference; explicitFileType = wrapper.application; includeInIndex = 0; path = LetMeKnow.app; sourceTree = BUILT_PRODUCTS_DIR; };
		AA148CB0272F021F0023411E /* LetMeKnowApp.swift */ = {isa = PBXFileReference; lastKnownFileType = sourcecode.swift; path = LetMeKnowApp.swift; sourceTree = "<group>"; };
		AA148CB2272F021F0023411E /* ContentView.swift */ = {isa = PBXFileReference; lastKnownFileType = sourcecode.swift; path = ContentView.swift; sourceTree = "<group>"; };
		AA148CB4272F02200023411E /* Assets.xcassets */ = {isa = PBXFileReference; lastKnownFileType = folder.assetcatalog; path = Assets.xcassets; sourceTree = "<group>"; };
		AA148CB7272F02200023411E /* Preview Assets.xcassets */ = {isa = PBXFileReference; lastKnownFileType = folder.assetcatalog; path = "Preview Assets.xcassets"; sourceTree = "<group>"; };
		AA148CBD272F02200023411E /* LetMeKnowTests.xctest */ = {isa = PBXFileReference; explicitFileType = wrapper.cfbundle; includeInIndex = 0; path = LetMeKnowTests.xctest; sourceTree = BUILT_PRODUCTS_DIR; };
		AA148CC1272F02200023411E /* LetMeKnowTests.swift */ = {isa = PBXFileReference; lastKnownFileType = sourcecode.swift; path = LetMeKnowTests.swift; sourceTree = "<group>"; };
		AA148CC7272F02200023411E /* LetMeKnowUITests.xctest */ = {isa = PBXFileReference; explicitFileType = wrapper.cfbundle; includeInIndex = 0; path = LetMeKnowUITests.xctest; sourceTree = BUILT_PRODUCTS_DIR; };
		AA148CCB272F02200023411E /* LetMeKnowUITests.swift */ = {isa = PBXFileReference; lastKnownFileType = sourcecode.swift; path = LetMeKnowUITests.swift; sourceTree = "<group>"; };
		AA148CCD272F02200023411E /* LetMeKnowUITestsLaunchTests.swift */ = {isa = PBXFileReference; lastKnownFileType = sourcecode.swift; path = LetMeKnowUITestsLaunchTests.swift; sourceTree = "<group>"; };
		AA148CDA272F04590023411E /* AlarmTime.swift */ = {isa = PBXFileReference; lastKnownFileType = sourcecode.swift; path = AlarmTime.swift; sourceTree = "<group>"; };
		AA148CDC272F06940023411E /* AlarmTimeView.swift */ = {isa = PBXFileReference; lastKnownFileType = sourcecode.swift; path = AlarmTimeView.swift; sourceTree = "<group>"; };
		AA148CDE2730079B0023411E /* SetUpView.swift */ = {isa = PBXFileReference; lastKnownFileType = sourcecode.swift; path = SetUpView.swift; sourceTree = "<group>"; };
		AA148CE0273017ED0023411E /* UserSetting.swift */ = {isa = PBXFileReference; lastKnownFileType = sourcecode.swift; path = UserSetting.swift; sourceTree = "<group>"; };
		AA62A1B02731214B00CC31C1 /* Policy.swift */ = {isa = PBXFileReference; lastKnownFileType = sourcecode.swift; path = Policy.swift; sourceTree = "<group>"; };
/* End PBXFileReference section */

/* Begin PBXFrameworksBuildPhase section */
		AA148CAA272F021F0023411E /* Frameworks */ = {
			isa = PBXFrameworksBuildPhase;
			buildActionMask = 2147483647;
			files = (
			);
			runOnlyForDeploymentPostprocessing = 0;
		};
		AA148CBA272F02200023411E /* Frameworks */ = {
			isa = PBXFrameworksBuildPhase;
			buildActionMask = 2147483647;
			files = (
			);
			runOnlyForDeploymentPostprocessing = 0;
		};
		AA148CC4272F02200023411E /* Frameworks */ = {
			isa = PBXFrameworksBuildPhase;
			buildActionMask = 2147483647;
			files = (
			);
			runOnlyForDeploymentPostprocessing = 0;
		};
/* End PBXFrameworksBuildPhase section */

/* Begin PBXGroup section */
		AA148CA4272F021F0023411E = {
			isa = PBXGroup;
			children = (
				AA148CAF272F021F0023411E /* LetMeKnow */,
				AA148CC0272F02200023411E /* LetMeKnowTests */,
				AA148CCA272F02200023411E /* LetMeKnowUITests */,
				AA148CAE272F021F0023411E /* Products */,
			);
			sourceTree = "<group>";
		};
		AA148CAE272F021F0023411E /* Products */ = {
			isa = PBXGroup;
			children = (
				AA148CAD272F021F0023411E /* LetMeKnow.app */,
				AA148CBD272F02200023411E /* LetMeKnowTests.xctest */,
				AA148CC7272F02200023411E /* LetMeKnowUITests.xctest */,
			);
			name = Products;
			sourceTree = "<group>";
		};
		AA148CAF272F021F0023411E /* LetMeKnow */ = {
			isa = PBXGroup;
			children = (
				AA148CB0272F021F0023411E /* LetMeKnowApp.swift */,
				AA148CB2272F021F0023411E /* ContentView.swift */,
				AA148CE0273017ED0023411E /* UserSetting.swift */,
				AA148CDE2730079B0023411E /* SetUpView.swift */,
				AA62A1B02731214B00CC31C1 /* Policy.swift */,
				AA148CDC272F06940023411E /* AlarmTimeView.swift */,
				AA148CDA272F04590023411E /* AlarmTime.swift */,
				AA148CB4272F02200023411E /* Assets.xcassets */,
				AA148CB6272F02200023411E /* Preview Content */,
			);
			path = LetMeKnow;
			sourceTree = "<group>";
		};
		AA148CB6272F02200023411E /* Preview Content */ = {
			isa = PBXGroup;
			children = (
				AA148CB7272F02200023411E /* Preview Assets.xcassets */,
			);
			path = "Preview Content";
			sourceTree = "<group>";
		};
		AA148CC0272F02200023411E /* LetMeKnowTests */ = {
			isa = PBXGroup;
			children = (
				AA148CC1272F02200023411E /* LetMeKnowTests.swift */,
			);
			path = LetMeKnowTests;
			sourceTree = "<group>";
		};
		AA148CCA272F02200023411E /* LetMeKnowUITests */ = {
			isa = PBXGroup;
			children = (
				AA148CCB272F02200023411E /* LetMeKnowUITests.swift */,
				AA148CCD272F02200023411E /* LetMeKnowUITestsLaunchTests.swift */,
			);
			path = LetMeKnowUITests;
			sourceTree = "<group>";
		};
/* End PBXGroup section */

/* Begin PBXNativeTarget section */
		AA148CAC272F021F0023411E /* LetMeKnow */ = {
			isa = PBXNativeTarget;
			buildConfigurationList = AA148CD1272F02200023411E /* Build configuration list for PBXNativeTarget "LetMeKnow" */;
			buildPhases = (
				AA148CA9272F021F0023411E /* Sources */,
				AA148CAA272F021F0023411E /* Frameworks */,
				AA148CAB272F021F0023411E /* Resources */,
			);
			buildRules = (
			);
			dependencies = (
			);
			name = LetMeKnow;
			productName = LetMeKnow;
			productReference = AA148CAD272F021F0023411E /* LetMeKnow.app */;
			productType = "com.apple.product-type.application";
		};
		AA148CBC272F02200023411E /* LetMeKnowTests */ = {
			isa = PBXNativeTarget;
			buildConfigurationList = AA148CD4272F02200023411E /* Build configuration list for PBXNativeTarget "LetMeKnowTests" */;
			buildPhases = (
				AA148CB9272F02200023411E /* Sources */,
				AA148CBA272F02200023411E /* Frameworks */,
				AA148CBB272F02200023411E /* Resources */,
			);
			buildRules = (
			);
			dependencies = (
				AA148CBF272F02200023411E /* PBXTargetDependency */,
			);
			name = LetMeKnowTests;
			productName = LetMeKnowTests;
			productReference = AA148CBD272F02200023411E /* LetMeKnowTests.xctest */;
			productType = "com.apple.product-type.bundle.unit-test";
		};
		AA148CC6272F02200023411E /* LetMeKnowUITests */ = {
			isa = PBXNativeTarget;
			buildConfigurationList = AA148CD7272F02200023411E /* Build configuration list for PBXNativeTarget "LetMeKnowUITests" */;
			buildPhases = (
				AA148CC3272F02200023411E /* Sources */,
				AA148CC4272F02200023411E /* Frameworks */,
				AA148CC5272F02200023411E /* Resources */,
			);
			buildRules = (
			);
			dependencies = (
				AA148CC9272F02200023411E /* PBXTargetDependency */,
			);
			name = LetMeKnowUITests;
			productName = LetMeKnowUITests;
			productReference = AA148CC7272F02200023411E /* LetMeKnowUITests.xctest */;
			productType = "com.apple.product-type.bundle.ui-testing";
		};
/* End PBXNativeTarget section */

/* Begin PBXProject section */
		AA148CA5272F021F0023411E /* Project object */ = {
			isa = PBXProject;
			attributes = {
				BuildIndependentTargetsInParallel = 1;
				LastSwiftUpdateCheck = 1310;
				LastUpgradeCheck = 1310;
				TargetAttributes = {
					AA148CAC272F021F0023411E = {
						CreatedOnToolsVersion = 13.1;
					};
					AA148CBC272F02200023411E = {
						CreatedOnToolsVersion = 13.1;
						TestTargetID = AA148CAC272F021F0023411E;
					};
					AA148CC6272F02200023411E = {
						CreatedOnToolsVersion = 13.1;
						TestTargetID = AA148CAC272F021F0023411E;
					};
				};
			};
			buildConfigurationList = AA148CA8272F021F0023411E /* Build configuration list for PBXProject "LetMeKnow" */;
			compatibilityVersion = "Xcode 13.0";
			developmentRegion = en;
			hasScannedForEncodings = 0;
			knownRegions = (
				en,
				Base,
			);
			mainGroup = AA148CA4272F021F0023411E;
			productRefGroup = AA148CAE272F021F0023411E /* Products */;
			projectDirPath = "";
			projectRoot = "";
			targets = (
				AA148CAC272F021F0023411E /* LetMeKnow */,
				AA148CBC272F02200023411E /* LetMeKnowTests */,
				AA148CC6272F02200023411E /* LetMeKnowUITests */,
			);
		};
/* End PBXProject section */

/* Begin PBXResourcesBuildPhase section */
		AA148CAB272F021F0023411E /* Resources */ = {
			isa = PBXResourcesBuildPhase;
			buildActionMask = 2147483647;
			files = (
				AA148CB8272F02200023411E /* Preview Assets.xcassets in Resources */,
				AA148CB5272F02200023411E /* Assets.xcassets in Resources */,
			);
			runOnlyForDeploymentPostprocessing = 0;
		};
		AA148CBB272F02200023411E /* Resources */ = {
			isa = PBXResourcesBuildPhase;
			buildActionMask = 2147483647;
			files = (
			);
			runOnlyForDeploymentPostprocessing = 0;
		};
		AA148CC5272F02200023411E /* Resources */ = {
			isa = PBXResourcesBuildPhase;
			buildActionMask = 2147483647;
			files = (
			);
			runOnlyForDeploymentPostprocessing = 0;
		};
/* End PBXResourcesBuildPhase section */

/* Begin PBXSourcesBuildPhase section */
		AA148CA9272F021F0023411E /* Sources */ = {
			isa = PBXSourcesBuildPhase;
			buildActionMask = 2147483647;
			files = (
				AA148CB3272F021F0023411E /* ContentView.swift in Sources */,
				AA148CDD272F06940023411E /* AlarmTimeView.swift in Sources */,
				AA148CB1272F021F0023411E /* LetMeKnowApp.swift in Sources */,
				AA148CE1273017ED0023411E /* UserSetting.swift in Sources */,
				AA62A1B12731214B00CC31C1 /* Policy.swift in Sources */,
				AA148CDB272F04590023411E /* AlarmTime.swift in Sources */,
				AA148CDF2730079B0023411E /* SetUpView.swift in Sources */,
			);
			runOnlyForDeploymentPostprocessing = 0;
		};
		AA148CB9272F02200023411E /* Sources */ = {
			isa = PBXSourcesBuildPhase;
			buildActionMask = 2147483647;
			files = (
				AA148CC2272F02200023411E /* LetMeKnowTests.swift in Sources */,
			);
			runOnlyForDeploymentPostprocessing = 0;
		};
		AA148CC3272F02200023411E /* Sources */ = {
			isa = PBXSourcesBuildPhase;
			buildActionMask = 2147483647;
			files = (
				AA148CCC272F02200023411E /* LetMeKnowUITests.swift in Sources */,
				AA148CCE272F02200023411E /* LetMeKnowUITestsLaunchTests.swift in Sources */,
			);
			runOnlyForDeploymentPostprocessing = 0;
		};
/* End PBXSourcesBuildPhase section */

/* Begin PBXTargetDependency section */
		AA148CBF272F02200023411E /* PBXTargetDependency */ = {
			isa = PBXTargetDependency;
			target = AA148CAC272F021F0023411E /* LetMeKnow */;
			targetProxy = AA148CBE272F02200023411E /* PBXContainerItemProxy */;
		};
		AA148CC9272F02200023411E /* PBXTargetDependency */ = {
			isa = PBXTargetDependency;
			target = AA148CAC272F021F0023411E /* LetMeKnow */;
			targetProxy = AA148CC8272F02200023411E /* PBXContainerItemProxy */;
		};
/* End PBXTargetDependency section */

/* Begin XCBuildConfiguration section */
		AA148CCF272F02200023411E /* Debug */ = {
			isa = XCBuildConfiguration;
			buildSettings = {
				ALWAYS_SEARCH_USER_PATHS = NO;
				CLANG_ANALYZER_NONNULL = YES;
				CLANG_ANALYZER_NUMBER_OBJECT_CONVERSION = YES_AGGRESSIVE;
				CLANG_CXX_LANGUAGE_STANDARD = "gnu++17";
				CLANG_CXX_LIBRARY = "libc++";
				CLANG_ENABLE_MODULES = YES;
				CLANG_ENABLE_OBJC_ARC = YES;
				CLANG_ENABLE_OBJC_WEAK = YES;
				CLANG_WARN_BLOCK_CAPTURE_AUTORELEASING = YES;
				CLANG_WARN_BOOL_CONVERSION = YES;
				CLANG_WARN_COMMA = YES;
				CLANG_WARN_CONSTANT_CONVERSION = YES;
				CLANG_WARN_DEPRECATED_OBJC_IMPLEMENTATIONS = YES;
				CLANG_WARN_DIRECT_OBJC_ISA_USAGE = YES_ERROR;
				CLANG_WARN_DOCUMENTATION_COMMENTS = YES;
				CLANG_WARN_EMPTY_BODY = YES;
				CLANG_WARN_ENUM_CONVERSION = YES;
				CLANG_WARN_INFINITE_RECURSION = YES;
				CLANG_WARN_INT_CONVERSION = YES;
				CLANG_WARN_NON_LITERAL_NULL_CONVERSION = YES;
				CLANG_WARN_OBJC_IMPLICIT_RETAIN_SELF = YES;
				CLANG_WARN_OBJC_LITERAL_CONVERSION = YES;
				CLANG_WARN_OBJC_ROOT_CLASS = YES_ERROR;
				CLANG_WARN_QUOTED_INCLUDE_IN_FRAMEWORK_HEADER = YES;
				CLANG_WARN_RANGE_LOOP_ANALYSIS = YES;
				CLANG_WARN_STRICT_PROTOTYPES = YES;
				CLANG_WARN_SUSPICIOUS_MOVE = YES;
				CLANG_WARN_UNGUARDED_AVAILABILITY = YES_AGGRESSIVE;
				CLANG_WARN_UNREACHABLE_CODE = YES;
				CLANG_WARN__DUPLICATE_METHOD_MATCH = YES;
				COPY_PHASE_STRIP = NO;
				DEBUG_INFORMATION_FORMAT = dwarf;
				ENABLE_STRICT_OBJC_MSGSEND = YES;
				ENABLE_TESTABILITY = YES;
				GCC_C_LANGUAGE_STANDARD = gnu11;
				GCC_DYNAMIC_NO_PIC = NO;
				GCC_NO_COMMON_BLOCKS = YES;
				GCC_OPTIMIZATION_LEVEL = 0;
				GCC_PREPROCESSOR_DEFINITIONS = (
					"DEBUG=1",
					"$(inherited)",
				);
				GCC_WARN_64_TO_32_BIT_CONVERSION = YES;
				GCC_WARN_ABOUT_RETURN_TYPE = YES_ERROR;
				GCC_WARN_UNDECLARED_SELECTOR = YES;
				GCC_WARN_UNINITIALIZED_AUTOS = YES_AGGRESSIVE;
				GCC_WARN_UNUSED_FUNCTION = YES;
				GCC_WARN_UNUSED_VARIABLE = YES;
				IPHONEOS_DEPLOYMENT_TARGET = 15.0;
				MTL_ENABLE_DEBUG_INFO = INCLUDE_SOURCE;
				MTL_FAST_MATH = YES;
				ONLY_ACTIVE_ARCH = YES;
				SDKROOT = iphoneos;
				SWIFT_ACTIVE_COMPILATION_CONDITIONS = DEBUG;
				SWIFT_OPTIMIZATION_LEVEL = "-Onone";
			};
			name = Debug;
		};
		AA148CD0272F02200023411E /* Release */ = {
			isa = XCBuildConfiguration;
			buildSettings = {
				ALWAYS_SEARCH_USER_PATHS = NO;
				CLANG_ANALYZER_NONNULL = YES;
				CLANG_ANALYZER_NUMBER_OBJECT_CONVERSION = YES_AGGRESSIVE;
				CLANG_CXX_LANGUAGE_STANDARD = "gnu++17";
				CLANG_CXX_LIBRARY = "libc++";
				CLANG_ENABLE_MODULES = YES;
				CLANG_ENABLE_OBJC_ARC = YES;
				CLANG_ENABLE_OBJC_WEAK = YES;
				CLANG_WARN_BLOCK_CAPTURE_AUTORELEASING = YES;
				CLANG_WARN_BOOL_CONVERSION = YES;
				CLANG_WARN_COMMA = YES;
				CLANG_WARN_CONSTANT_CONVERSION = YES;
				CLANG_WARN_DEPRECATED_OBJC_IMPLEMENTATIONS = YES;
				CLANG_WARN_DIRECT_OBJC_ISA_USAGE = YES_ERROR;
				CLANG_WARN_DOCUMENTATION_COMMENTS = YES;
				CLANG_WARN_EMPTY_BODY = YES;
				CLANG_WARN_ENUM_CONVERSION = YES;
				CLANG_WARN_INFINITE_RECURSION = YES;
				CLANG_WARN_INT_CONVERSION = YES;
				CLANG_WARN_NON_LITERAL_NULL_CONVERSION = YES;
				CLANG_WARN_OBJC_IMPLICIT_RETAIN_SELF = YES;
				CLANG_WARN_OBJC_LITERAL_CONVERSION = YES;
				CLANG_WARN_OBJC_ROOT_CLASS = YES_ERROR;
				CLANG_WARN_QUOTED_INCLUDE_IN_FRAMEWORK_HEADER = YES;
				CLANG_WARN_RANGE_LOOP_ANALYSIS = YES;
				CLANG_WARN_STRICT_PROTOTYPES = YES;
				CLANG_WARN_SUSPICIOUS_MOVE = YES;
				CLANG_WARN_UNGUARDED_AVAILABILITY = YES_AGGRESSIVE;
				CLANG_WARN_UNREACHABLE_CODE = YES;
				CLANG_WARN__DUPLICATE_METHOD_MATCH = YES;
				COPY_PHASE_STRIP = NO;
				DEBUG_INFORMATION_FORMAT = "dwarf-with-dsym";
				ENABLE_NS_ASSERTIONS = NO;
				ENABLE_STRICT_OBJC_MSGSEND = YES;
				GCC_C_LANGUAGE_STANDARD = gnu11;
				GCC_NO_COMMON_BLOCKS = YES;
				GCC_WARN_64_TO_32_BIT_CONVERSION = YES;
				GCC_WARN_ABOUT_RETURN_TYPE = YES_ERROR;
				GCC_WARN_UNDECLARED_SELECTOR = YES;
				GCC_WARN_UNINITIALIZED_AUTOS = YES_AGGRESSIVE;
				GCC_WARN_UNUSED_FUNCTION = YES;
				GCC_WARN_UNUSED_VARIABLE = YES;
				IPHONEOS_DEPLOYMENT_TARGET = 15.0;
				MTL_ENABLE_DEBUG_INFO = NO;
				MTL_FAST_MATH = YES;
				SDKROOT = iphoneos;
				SWIFT_COMPILATION_MODE = wholemodule;
				SWIFT_OPTIMIZATION_LEVEL = "-O";
				VALIDATE_PRODUCT = YES;
			};
			name = Release;
		};
		AA148CD2272F02200023411E /* Debug */ = {
			isa = XCBuildConfiguration;
			buildSettings = {
				ASSETCATALOG_COMPILER_APPICON_NAME = AppIcon;
				ASSETCATALOG_COMPILER_GLOBAL_ACCENT_COLOR_NAME = AccentColor;
				CODE_SIGN_STYLE = Automatic;
				CURRENT_PROJECT_VERSION = 1;
				DEVELOPMENT_ASSET_PATHS = "\"LetMeKnow/Preview Content\"";
				DEVELOPMENT_TEAM = 2YZNV7T8G9;
				ENABLE_PREVIEWS = YES;
				GENERATE_INFOPLIST_FILE = YES;
				INFOPLIST_KEY_UIApplicationSceneManifest_Generation = YES;
				INFOPLIST_KEY_UIApplicationSupportsIndirectInputEvents = YES;
				INFOPLIST_KEY_UILaunchScreen_Generation = YES;
				INFOPLIST_KEY_UISupportedInterfaceOrientations = UIInterfaceOrientationPortrait;
				INFOPLIST_KEY_UISupportedInterfaceOrientations_iPad = "UIInterfaceOrientationPortrait UIInterfaceOrientationPortraitUpsideDown UIInterfaceOrientationLandscapeLeft UIInterfaceOrientationLandscapeRight";
				INFOPLIST_KEY_UISupportedInterfaceOrientations_iPhone = "UIInterfaceOrientationPortrait UIInterfaceOrientationLandscapeLeft UIInterfaceOrientationLandscapeRight";
				IPHONEOS_DEPLOYMENT_TARGET = 15.0;
				LD_RUNPATH_SEARCH_PATHS = (
					"$(inherited)",
					"@executable_path/Frameworks",
				);
				MARKETING_VERSION = 1.0;
				PRODUCT_BUNDLE_IDENTIFIER = oops.LetMeKnow;
				PRODUCT_NAME = "$(TARGET_NAME)";
				SWIFT_EMIT_LOC_STRINGS = YES;
				SWIFT_VERSION = 5.0;
				TARGETED_DEVICE_FAMILY = 1;
			};
			name = Debug;
		};
		AA148CD3272F02200023411E /* Release */ = {
			isa = XCBuildConfiguration;
			buildSettings = {
				ASSETCATALOG_COMPILER_APPICON_NAME = AppIcon;
				ASSETCATALOG_COMPILER_GLOBAL_ACCENT_COLOR_NAME = AccentColor;
				CODE_SIGN_STYLE = Automatic;
				CURRENT_PROJECT_VERSION = 1;
				DEVELOPMENT_ASSET_PATHS = "\"LetMeKnow/Preview Content\"";
				DEVELOPMENT_TEAM = 2YZNV7T8G9;
				ENABLE_PREVIEWS = YES;
				GENERATE_INFOPLIST_FILE = YES;
				INFOPLIST_KEY_UIApplicationSceneManifest_Generation = YES;
				INFOPLIST_KEY_UIApplicationSupportsIndirectInputEvents = YES;
				INFOPLIST_KEY_UILaunchScreen_Generation = YES;
				INFOPLIST_KEY_UISupportedInterfaceOrientations = UIInterfaceOrientationPortrait;
				INFOPLIST_KEY_UISupportedInterfaceOrientations_iPad = "UIInterfaceOrientationPortrait UIInterfaceOrientationPortraitUpsideDown UIInterfaceOrientationLandscapeLeft UIInterfaceOrientationLandscapeRight";
				INFOPLIST_KEY_UISupportedInterfaceOrientations_iPhone = "UIInterfaceOrientationPortrait UIInterfaceOrientationLandscapeLeft UIInterfaceOrientationLandscapeRight";
				IPHONEOS_DEPLOYMENT_TARGET = 15.0;
				LD_RUNPATH_SEARCH_PATHS = (
					"$(inherited)",
					"@executable_path/Frameworks",
				);
				MARKETING_VERSION = 1.0;
				PRODUCT_BUNDLE_IDENTIFIER = oops.LetMeKnow;
				PRODUCT_NAME = "$(TARGET_NAME)";
				SWIFT_EMIT_LOC_STRINGS = YES;
				SWIFT_VERSION = 5.0;
				TARGETED_DEVICE_FAMILY = 1;
			};
			name = Release;
		};
		AA148CD5272F02200023411E /* Debug */ = {
			isa = XCBuildConfiguration;
			buildSettings = {
				ALWAYS_EMBED_SWIFT_STANDARD_LIBRARIES = YES;
				BUNDLE_LOADER = "$(TEST_HOST)";
				CODE_SIGN_STYLE = Automatic;
				CURRENT_PROJECT_VERSION = 1;
				DEVELOPMENT_TEAM = 2YZNV7T8G9;
				GENERATE_INFOPLIST_FILE = YES;
				IPHONEOS_DEPLOYMENT_TARGET = 15.0;
				LD_RUNPATH_SEARCH_PATHS = (
					"$(inherited)",
					"@executable_path/Frameworks",
					"@loader_path/Frameworks",
				);
				MARKETING_VERSION = 1.0;
				PRODUCT_BUNDLE_IDENTIFIER = oops.LetMeKnowTests;
				PRODUCT_NAME = "$(TARGET_NAME)";
				SWIFT_EMIT_LOC_STRINGS = NO;
				SWIFT_VERSION = 5.0;
				TARGETED_DEVICE_FAMILY = "1,2";
				TEST_HOST = "$(BUILT_PRODUCTS_DIR)/LetMeKnow.app/LetMeKnow";
			};
			name = Debug;
		};
		AA148CD6272F02200023411E /* Release */ = {
			isa = XCBuildConfiguration;
			buildSettings = {
				ALWAYS_EMBED_SWIFT_STANDARD_LIBRARIES = YES;
				BUNDLE_LOADER = "$(TEST_HOST)";
				CODE_SIGN_STYLE = Automatic;
				CURRENT_PROJECT_VERSION = 1;
				DEVELOPMENT_TEAM = 2YZNV7T8G9;
				GENERATE_INFOPLIST_FILE = YES;
				IPHONEOS_DEPLOYMENT_TARGET = 15.0;
				LD_RUNPATH_SEARCH_PATHS = (
					"$(inherited)",
					"@executable_path/Frameworks",
					"@loader_path/Frameworks",
				);
				MARKETING_VERSION = 1.0;
				PRODUCT_BUNDLE_IDENTIFIER = oops.LetMeKnowTests;
				PRODUCT_NAME = "$(TARGET_NAME)";
				SWIFT_EMIT_LOC_STRINGS = NO;
				SWIFT_VERSION = 5.0;
				TARGETED_DEVICE_FAMILY = "1,2";
				TEST_HOST = "$(BUILT_PRODUCTS_DIR)/LetMeKnow.app/LetMeKnow";
			};
			name = Release;
		};
		AA148CD8272F02200023411E /* Debug */ = {
			isa = XCBuildConfiguration;
			buildSettings = {
				ALWAYS_EMBED_SWIFT_STANDARD_LIBRARIES = YES;
				CODE_SIGN_STYLE = Automatic;
				CURRENT_PROJECT_VERSION = 1;
				DEVELOPMENT_TEAM = 2YZNV7T8G9;
				GENERATE_INFOPLIST_FILE = YES;
				LD_RUNPATH_SEARCH_PATHS = (
					"$(inherited)",
					"@executable_path/Frameworks",
					"@loader_path/Frameworks",
				);
				MARKETING_VERSION = 1.0;
				PRODUCT_BUNDLE_IDENTIFIER = oops.LetMeKnowUITests;
				PRODUCT_NAME = "$(TARGET_NAME)";
				SWIFT_EMIT_LOC_STRINGS = NO;
				SWIFT_VERSION = 5.0;
				TARGETED_DEVICE_FAMILY = "1,2";
				TEST_TARGET_NAME = LetMeKnow;
			};
			name = Debug;
		};
		AA148CD9272F02200023411E /* Release */ = {
			isa = XCBuildConfiguration;
			buildSettings = {
				ALWAYS_EMBED_SWIFT_STANDARD_LIBRARIES = YES;
				CODE_SIGN_STYLE = Automatic;
				CURRENT_PROJECT_VERSION = 1;
				DEVELOPMENT_TEAM = 2YZNV7T8G9;
				GENERATE_INFOPLIST_FILE = YES;
				LD_RUNPATH_SEARCH_PATHS = (
					"$(inherited)",
					"@executable_path/Frameworks",
					"@loader_path/Frameworks",
				);
				MARKETING_VERSION = 1.0;
				PRODUCT_BUNDLE_IDENTIFIER = oops.LetMeKnowUITests;
				PRODUCT_NAME = "$(TARGET_NAME)";
				SWIFT_EMIT_LOC_STRINGS = NO;
				SWIFT_VERSION = 5.0;
				TARGETED_DEVICE_FAMILY = "1,2";
				TEST_TARGET_NAME = LetMeKnow;
			};
			name = Release;
		};
/* End XCBuildConfiguration section */

/* Begin XCConfigurationList section */
		AA148CA8272F021F0023411E /* Build configuration list for PBXProject "LetMeKnow" */ = {
			isa = XCConfigurationList;
			buildConfigurations = (
				AA148CCF272F02200023411E /* Debug */,
				AA148CD0272F02200023411E /* Release */,
			);
			defaultConfigurationIsVisible = 0;
			defaultConfigurationName = Release;
		};
		AA148CD1272F02200023411E /* Build configuration list for PBXNativeTarget "LetMeKnow" */ = {
			isa = XCConfigurationList;
			buildConfigurations = (
				AA148CD2272F02200023411E /* Debug */,
				AA148CD3272F02200023411E /* Release */,
			);
			defaultConfigurationIsVisible = 0;
			defaultConfigurationName = Release;
		};
		AA148CD4272F02200023411E /* Build configuration list for PBXNativeTarget "LetMeKnowTests" */ = {
			isa = XCConfigurationList;
			buildConfigurations = (
				AA148CD5272F02200023411E /* Debug */,
				AA148CD6272F02200023411E /* Release */,
			);
			defaultConfigurationIsVisible = 0;
			defaultConfigurationName = Release;
		};
		AA148CD7272F02200023411E /* Build configuration list for PBXNativeTarget "LetMeKnowUITests" */ = {
			isa = XCConfigurationList;
			buildConfigurations = (
				AA148CD8272F02200023411E /* Debug */,
				AA148CD9272F02200023411E /* Release */,
			);
			defaultConfigurationIsVisible = 0;
			defaultConfigurationName = Release;
		};
/* End XCConfigurationList section */
	};
	rootObject = AA148CA5272F021F0023411E /* Project object */;
}
